
Microsoft Visual Studio Solution File, Format Version 12.00
# Visual Studio Version 16
VisualStudioVersion = 16.0.809.9
MinimumVisualStudioVersion = 10.0.40219.1
Project("{FAE04EC0-301F-11D3-BF4B-00C04F79EFBC}") = "CustomControlVMTest.Android", "CustomControlVMTest.Android\CustomControlVMTest.Android.csproj", "{E4365B56-0730-4ADE-A664-C4296AC56F24}"
EndProject
Project("{FAE04EC0-301F-11D3-BF4B-00C04F79EFBC}") = "CustomControlVMTest", "CustomControlVMTest\CustomControlVMTest.csproj", "{A92D4232-0EB8-45CE-92DD-C2447AC2CE96}"
EndProject
Global
	GlobalSection(SolutionConfigurationPlatforms) = preSolution
		Debug|Any CPU = Debug|Any CPU
		Release|Any CPU = Release|Any CPU
	EndGlobalSection
	GlobalSection(ProjectConfigurationPlatforms) = postSolution
		{E4365B56-0730-4ADE-A664-C4296AC56F24}.Debug|Any CPU.ActiveCfg = Debug|Any CPU
		{E4365B56-0730-4ADE-A664-C4296AC56F24}.Debug|Any CPU.Build.0 = Debug|Any CPU
		{E4365B56-0730-4ADE-A664-C4296AC56F24}.Release|Any CPU.ActiveCfg = Release|Any CPU
		{E4365B56-0730-4ADE-A664-C4296AC56F24}.Release|Any CPU.Build.0 = Release|Any CPU
		{A92D4232-0EB8-45CE-92DD-C2447AC2CE96}.Debug|Any CPU.ActiveCfg = Debug|Any CPU
		{A92D4232-0EB8-45CE-92DD-C2447AC2CE96}.Debug|Any CPU.Build.0 = Debug|Any CPU
		{A92D4232-0EB8-45CE-92DD-C2447AC2CE96}.Release|Any CPU.ActiveCfg = Release|Any CPU
		{A92D4232-0EB8-45CE-92DD-C2447AC2CE96}.Release|Any CPU.Build.0 = Release|Any CPU
	EndGlobalSection
	GlobalSection(SolutionProperties) = preSolution
		HideSolutionNode = FALSE
	EndGlobalSection
	GlobalSection(ExtensibilityGlobals) = postSolution
		SolutionGuid = {C4F240BE-4A29-4777-88CB-BED269F617DC}
	EndGlobalSection
EndGlobal
